
Microsoft Visual Studio Solution File, Format Version 12.00
# Visual Studio Version 17
VisualStudioVersion = 17.9.34728.123
MinimumVisualStudioVersion = 10.0.40219.1
Project("{FAE04EC0-301F-11D3-BF4B-00C04F79EFBC}") = "BellucSketch.Domain", "src\BellucSketch.Domain\BellucSketch.Domain.csproj", "{A1B2C3D4-0001-4A11-9C11-000000000001}"
EndProject
Project("{FAE04EC0-301F-11D3-BF4B-00C04F79EFBC}") = "BellucSketch.Domain.Tests", "tests\BellucSketch.Domain.Tests\BellucSketch.Domain.Tests.csproj", "{A1B2C3D4-0002-4A11-9C11-000000000002}"
EndProject
Project("{2150E333-8FDC-42A3-9474-1A3956D46DE8}") = "src", "src", "{C7A5BCBB-4254-4440-B110-FAC7FD6F7646}"
EndProject
Project("{FAE04EC0-301F-11D3-BF4B-00C04F79EFBC}") = "BellucSketch.Application", "src\BellucSketch.Application\BellucSketch.Application.csproj", "{FCA1FAA8-D3EA-4B78-9962-ED9C5C1B82E8}"
EndProject
Project("{2150E333-8FDC-42A3-9474-1A3956D46DE8}") = "tests", "tests", "{0AF0AB06-1EC8-45ED-8339-E17D4E6164D0}"
EndProject
Project("{FAE04EC0-301F-11D3-BF4B-00C04F79EFBC}") = "BellucSketch.Application.Tests", "tests\BellucSketch.Application.Tests\BellucSketch.Application.Tests.csproj", "{92E86B78-B909-4081-A513-3A49241C1A68}"
EndProject
Project("{FAE04EC0-301F-11D3-BF4B-00C04F79EFBC}") = "BellucSketch.Infrastructure", "src\BellucSketch.Infrastructure\BellucSketch.Infrastructure.csproj", "{193FB131-5DBB-46DF-A3D9-33F655143DAB}"
EndProject
Project("{FAE04EC0-301F-11D3-BF4B-00C04F79EFBC}") = "BellucSketch.Infrastructure.Tests", "tests\BellucSketch.Infrastructure.Tests\BellucSketch.Infrastructure.Tests.csproj", "{C80EC17E-FD38-45EB-8288-7B82A89B17C1}"
EndProject
Project("{FAE04EC0-301F-11D3-BF4B-00C04F79EFBC}") = "BellucSketch.Api", "src\BellucSketch.Api\BellucSketch.Api.csproj", "{D0351D0E-6C84-467A-9E24-A922E61B96DD}"
EndProject
Project("{FAE04EC0-301F-11D3-BF4B-00C04F79EFBC}") = "BellucSketch.Api.Tests", "tests\BellucSketch.Api.Tests\BellucSketch.Api.Tests.csproj", "{434809AD-3CCA-4D3E-9874-033A15A9E811}"
EndProject
Project("{FAE04EC0-301F-11D3-BF4B-00C04F79EFBC}") = "BellucSketch.Contracts", "src\BellucSketch.Contracts\BellucSketch.Contracts.csproj", "{34BB6750-4DD2-4CC9-98A6-80844A869739}"
EndProject
Project("{FAE04EC0-301F-11D3-BF4B-00C04F79EFBC}") = "BellucSketch.Mobile.Core", "src\BellucSketch.Mobile.Core\BellucSketch.Mobile.Core.csproj", "{72B96DF3-A152-4052-89D4-164509A6DE50}"
EndProject
Project("{FAE04EC0-301F-11D3-BF4B-00C04F79EFBC}") = "BellucSketch.Mobile.Core.Tests", "tests\BellucSketch.Mobile.Core.Tests\BellucSketch.Mobile.Core.Tests.csproj", "{B7ED5274-7DFF-454E-A041-758DB09E385B}"
EndProject
Project("{FAE04EC0-301F-11D3-BF4B-00C04F79EFBC}") = "BellucSketch.Web", "src\BellucSketch.Web\BellucSketch.Web.csproj", "{AEFF03F8-0B30-4E32-8026-00ADB35EE03D}"
EndProject
Global
	GlobalSection(SolutionConfigurationPlatforms) = preSolution
		Debug|Any CPU = Debug|Any CPU
		Release|Any CPU = Release|Any CPU
	EndGlobalSection
	GlobalSection(ProjectConfigurationPlatforms) = postSolution
		{A1B2C3D4-0001-4A11-9C11-000000000001}.Debug|Any CPU.ActiveCfg = Debug|Any CPU
		{A1B2C3D4-0001-4A11-9C11-000000000001}.Debug|Any CPU.Build.0 = Debug|Any CPU
		{A1B2C3D4-0001-4A11-9C11-000000000001}.Release|Any CPU.ActiveCfg = Release|Any CPU
		{A1B2C3D4-0001-4A11-9C11-000000000001}.Release|Any CPU.Build.0 = Release|Any CPU
		{A1B2C3D4-0002-4A11-9C11-000000000002}.Debug|Any CPU.ActiveCfg = Debug|Any CPU
		{A1B2C3D4-0002-4A11-9C11-000000000002}.Debug|Any CPU.Build.0 = Debug|Any CPU
		{A1B2C3D4-0002-4A11-9C11-000000000002}.Release|Any CPU.ActiveCfg = Release|Any CPU
		{A1B2C3D4-0002-4A11-9C11-000000000002}.Release|Any CPU.Build.0 = Release|Any CPU
		{FCA1FAA8-D3EA-4B78-9962-ED9C5C1B82E8}.Debug|Any CPU.ActiveCfg = Debug|Any CPU
		{FCA1FAA8-D3EA-4B78-9962-ED9C5C1B82E8}.Debug|Any CPU.Build.0 = Debug|Any CPU
		{FCA1FAA8-D3EA-4B78-9962-ED9C5C1B82E8}.Release|Any CPU.ActiveCfg = Release|Any CPU
		{FCA1FAA8-D3EA-4B78-9962-ED9C5C1B82E8}.Release|Any CPU.Build.0 = Release|Any CPU
		{92E86B78-B909-4081-A513-3A49241C1A68}.Debug|Any CPU.ActiveCfg = Debug|Any CPU
		{92E86B78-B909-4081-A513-3A49241C1A68}.Debug|Any CPU.Build.0 = Debug|Any CPU
		{92E86B78-B909-4081-A513-3A49241C1A68}.Release|Any CPU.ActiveCfg = Release|Any CPU
		{92E86B78-B909-4081-A513-3A49241C1A68}.Release|Any CPU.Build.0 = Release|Any CPU
		{193FB131-5DBB-46DF-A3D9-33F655143DAB}.Debug|Any CPU.ActiveCfg = Debug|Any CPU
		{193FB131-5DBB-46DF-A3D9-33F655143DAB}.Debug|Any CPU.Build.0 = Debug|Any CPU
		{193FB131-5DBB-46DF-A3D9-33F655143DAB}.Release|Any CPU.ActiveCfg = Release|Any CPU
		{193FB131-5DBB-46DF-A3D9-33F655143DAB}.Release|Any CPU.Build.0 = Release|Any CPU
		{C80EC17E-FD38-45EB-8288-7B82A89B17C1}.Debug|Any CPU.ActiveCfg = Debug|Any CPU
		{C80EC17E-FD38-45EB-8288-7B82A89B17C1}.Debug|Any CPU.Build.0 = Debug|Any CPU
		{C80EC17E-FD38-45EB-8288-7B82A89B17C1}.Release|Any CPU.ActiveCfg = Release|Any CPU
		{C80EC17E-FD38-45EB-8288-7B82A89B17C1}.Release|Any CPU.Build.0 = Release|Any CPU
		{D0351D0E-6C84-467A-9E24-A922E61B96DD}.Debug|Any CPU.ActiveCfg = Debug|Any CPU
		{D0351D0E-6C84-467A-9E24-A922E61B96DD}.Debug|Any CPU.Build.0 = Debug|Any CPU
		{D0351D0E-6C84-467A-9E24-A922E61B96DD}.Release|Any CPU.ActiveCfg = Release|Any CPU
		{D0351D0E-6C84-467A-9E24-A922E61B96DD}.Release|Any CPU.Build.0 = Release|Any CPU
		{434809AD-3CCA-4D3E-9874-033A15A9E811}.Debug|Any CPU.ActiveCfg = Debug|Any CPU
		{434809AD-3CCA-4D3E-9874-033A15A9E811}.Debug|Any CPU.Build.0 = Debug|Any CPU
		{434809AD-3CCA-4D3E-9874-033A15A9E811}.Release|Any CPU.ActiveCfg = Release|Any CPU
		{434809AD-3CCA-4D3E-9874-033A15A9E811}.Release|Any CPU.Build.0 = Release|Any CPU
		{34BB6750-4DD2-4CC9-98A6-80844A869739}.Debug|Any CPU.ActiveCfg = Debug|Any CPU
		{34BB6750-4DD2-4CC9-98A6-80844A869739}.Debug|Any CPU.Build.0 = Debug|Any CPU
		{34BB6750-4DD2-4CC9-98A6-80844A869739}.Release|Any CPU.ActiveCfg = Release|Any CPU
		{34BB6750-4DD2-4CC9-98A6-80844A869739}.Release|Any CPU.Build.0 = Release|Any CPU
		{72B96DF3-A152-4052-89D4-164509A6DE50}.Debug|Any CPU.ActiveCfg = Debug|Any CPU
		{72B96DF3-A152-4052-89D4-164509A6DE50}.Debug|Any CPU.Build.0 = Debug|Any CPU
		{72B96DF3-A152-4052-89D4-164509A6DE50}.Release|Any CPU.ActiveCfg = Release|Any CPU
		{72B96DF3-A152-4052-89D4-164509A6DE50}.Release|Any CPU.Build.0 = Release|Any CPU
		{B7ED5274-7DFF-454E-A041-758DB09E385B}.Debug|Any CPU.ActiveCfg = Debug|Any CPU
		{B7ED5274-7DFF-454E-A041-758DB09E385B}.Debug|Any CPU.Build.0 = Debug|Any CPU
		{B7ED5274-7DFF-454E-A041-758DB09E385B}.Release|Any CPU.ActiveCfg = Release|Any CPU
		{B7ED5274-7DFF-454E-A041-758DB09E385B}.Release|Any CPU.Build.0 = Release|Any CPU
		{AEFF03F8-0B30-4E32-8026-00ADB35EE03D}.Debug|Any CPU.ActiveCfg = Debug|Any CPU
		{AEFF03F8-0B30-4E32-8026-00ADB35EE03D}.Debug|Any CPU.Build.0 = Debug|Any CPU
		{AEFF03F8-0B30-4E32-8026-00ADB35EE03D}.Release|Any CPU.ActiveCfg = Release|Any CPU
		{AEFF03F8-0B30-4E32-8026-00ADB35EE03D}.Release|Any CPU.Build.0 = Release|Any CPU
	EndGlobalSection
	GlobalSection(SolutionProperties) = preSolution
		HideSolutionNode = FALSE
	EndGlobalSection
	GlobalSection(NestedProjects) = preSolution
		{FCA1FAA8-D3EA-4B78-9962-ED9C5C1B82E8} = {C7A5BCBB-4254-4440-B110-FAC7FD6F7646}
		{92E86B78-B909-4081-A513-3A49241C1A68} = {0AF0AB06-1EC8-45ED-8339-E17D4E6164D0}
		{193FB131-5DBB-46DF-A3D9-33F655143DAB} = {C7A5BCBB-4254-4440-B110-FAC7FD6F7646}
		{C80EC17E-FD38-45EB-8288-7B82A89B17C1} = {0AF0AB06-1EC8-45ED-8339-E17D4E6164D0}
		{D0351D0E-6C84-467A-9E24-A922E61B96DD} = {C7A5BCBB-4254-4440-B110-FAC7FD6F7646}
		{434809AD-3CCA-4D3E-9874-033A15A9E811} = {0AF0AB06-1EC8-45ED-8339-E17D4E6164D0}
		{34BB6750-4DD2-4CC9-98A6-80844A869739} = {C7A5BCBB-4254-4440-B110-FAC7FD6F7646}
		{72B96DF3-A152-4052-89D4-164509A6DE50} = {C7A5BCBB-4254-4440-B110-FAC7FD6F7646}
		{B7ED5274-7DFF-454E-A041-758DB09E385B} = {0AF0AB06-1EC8-45ED-8339-E17D4E6164D0}
		{AEFF03F8-0B30-4E32-8026-00ADB35EE03D} = {C7A5BCBB-4254-4440-B110-FAC7FD6F7646}
	EndGlobalSection
EndGlobal
